
Microsoft Visual Studio Solution File, Format Version 12.00
# Visual Studio 14
VisualStudioVersion = 14.0.25420.1
MinimumVisualStudioVersion = 10.0.40219.1
Project("{2150E333-8FDC-42A3-9474-1A3956D46DE8}") = "src", "src", "{B1C8E80C-B773-4CF2-81A5-4305504FBF62}"
EndProject
Project("{2150E333-8FDC-42A3-9474-1A3956D46DE8}") = "Solution Items", "Solution Items", "{391EC564-3AE3-4E69-A331-B326E9292731}"
	ProjectSection(SolutionItems) = preProject
		global.json = global.json
	EndProjectSection
EndProject
Project("{8BB2217D-0F2D-49D1-97BC-3654ED321F3B}") = "Phunk", "src\Phunk\Phunk.xproj", "{3AA0DD1B-61A5-4B3B-8DCD-3CC2C98B94DC}"
EndProject
Project("{8BB2217D-0F2D-49D1-97BC-3654ED321F3B}") = "PhunkTest", "src\PhunkTest\PhunkTest.xproj", "{4EAA0B9A-9A3F-4E61-A68A-2B2FC392E6B9}"
EndProject
Project("{2150E333-8FDC-42A3-9474-1A3956D46DE8}") = "test", "test", "{DCE00115-A82D-4752-A837-34289A603CBF}"
EndProject
Project("{8BB2217D-0F2D-49D1-97BC-3654ED321F3B}") = "EngineRunner", "src\EngineRunner\EngineRunner.xproj", "{F274B86D-BA44-4D53-ACB4-DCC8EA26C446}"
EndProject
Global
	GlobalSection(SolutionConfigurationPlatforms) = preSolution
		Debug|Any CPU = Debug|Any CPU
		Release|Any CPU = Release|Any CPU
	EndGlobalSection
	GlobalSection(ProjectConfigurationPlatforms) = postSolution
		{3AA0DD1B-61A5-4B3B-8DCD-3CC2C98B94DC}.Debug|Any CPU.ActiveCfg = Debug|Any CPU
		{3AA0DD1B-61A5-4B3B-8DCD-3CC2C98B94DC}.Debug|Any CPU.Build.0 = Debug|Any CPU
		{3AA0DD1B-61A5-4B3B-8DCD-3CC2C98B94DC}.Release|Any CPU.ActiveCfg = Release|Any CPU
		{3AA0DD1B-61A5-4B3B-8DCD-3CC2C98B94DC}.Release|Any CPU.Build.0 = Release|Any CPU
		{4EAA0B9A-9A3F-4E61-A68A-2B2FC392E6B9}.Debug|Any CPU.ActiveCfg = Debug|Any CPU
		{4EAA0B9A-9A3F-4E61-A68A-2B2FC392E6B9}.Debug|Any CPU.Build.0 = Debug|Any CPU
		{4EAA0B9A-9A3F-4E61-A68A-2B2FC392E6B9}.Release|Any CPU.ActiveCfg = Release|Any CPU
		{4EAA0B9A-9A3F-4E61-A68A-2B2FC392E6B9}.Release|Any CPU.Build.0 = Release|Any CPU
		{F274B86D-BA44-4D53-ACB4-DCC8EA26C446}.Debug|Any CPU.ActiveCfg = Debug|Any CPU
		{F274B86D-BA44-4D53-ACB4-DCC8EA26C446}.Debug|Any CPU.Build.0 = Debug|Any CPU
		{F274B86D-BA44-4D53-ACB4-DCC8EA26C446}.Release|Any CPU.ActiveCfg = Release|Any CPU
		{F274B86D-BA44-4D53-ACB4-DCC8EA26C446}.Release|Any CPU.Build.0 = Release|Any CPU
	EndGlobalSection
	GlobalSection(SolutionProperties) = preSolution
		HideSolutionNode = FALSE
	EndGlobalSection
	GlobalSection(NestedProjects) = preSolution
		{3AA0DD1B-61A5-4B3B-8DCD-3CC2C98B94DC} = {B1C8E80C-B773-4CF2-81A5-4305504FBF62}
		{4EAA0B9A-9A3F-4E61-A68A-2B2FC392E6B9} = {B1C8E80C-B773-4CF2-81A5-4305504FBF62}
		{F274B86D-BA44-4D53-ACB4-DCC8EA26C446} = {B1C8E80C-B773-4CF2-81A5-4305504FBF62}
	EndGlobalSection
EndGlobal
